{
  "requires": true,
  "lockfileVersion": 1,
  "dependencies": {
    "url-js": {
      "version": "0.2.3-u",
      "resolved": "https://registry.npmjs.org/url-js/-/url-js-0.2.3-u.tgz",
      "integrity": "sha512-xy4+LpeFq9DFd2jBGT8b+9FPVdJZv7FPWm1nvuZf62ChEpmgCo/ToFSekEiLIrDAgW+3X+LVFASsUDxrpEJBLQ=="
    }
  }
}
